<?xml version="1.0" encoding="utf-8"?>
<Project ToolsVersion="17.0" xmlns="http://schemas.microsoft.com/developer/msbuild/2003">
  <ItemGroup>
    <ClCompile Include="G:\github\autotalk_c\whisper.cpp\ggml\src\ggml-cpu\ggml-cpu.c">
      <Filter>Source Files</Filter>
    </ClCompile>
    <ClCompile Include="G:\github\autotalk_c\whisper.cpp\ggml\src\ggml-cpu\ggml-cpu.cpp">
      <Filter>Source Files</Filter>
    </ClCompile>
    <ClCompile Include="G:\github\autotalk_c\whisper.cpp\ggml\src\ggml-cpu\ggml-cpu-aarch64.cpp">
      <Filter>Source Files</Filter>
    </ClCompile>
    <ClCompile Include="G:\github\autotalk_c\whisper.cpp\ggml\src\ggml-cpu\ggml-cpu-hbm.cpp">
      <Filter>Source Files</Filter>
    </ClCompile>
    <ClCompile Include="G:\github\autotalk_c\whisper.cpp\ggml\src\ggml-cpu\ggml-cpu-quants.c">
      <Filter>Source Files</Filter>
    </ClCompile>
    <ClCompile Include="G:\github\autotalk_c\whisper.cpp\ggml\src\ggml-cpu\ggml-cpu-traits.cpp">
      <Filter>Source Files</Filter>
    </ClCompile>
    <ClCompile Include="G:\github\autotalk_c\whisper.cpp\ggml\src\ggml-cpu\amx\amx.cpp">
      <Filter>Source Files</Filter>
    </ClCompile>
    <ClCompile Include="G:\github\autotalk_c\whisper.cpp\ggml\src\ggml-cpu\amx\mmq.cpp">
      <Filter>Source Files</Filter>
    </ClCompile>
    <ClCompile Include="G:\github\autotalk_c\whisper.cpp\ggml\src\ggml-cpu\binary-ops.cpp">
      <Filter>Source Files</Filter>
    </ClCompile>
    <ClCompile Include="G:\github\autotalk_c\whisper.cpp\ggml\src\ggml-cpu\unary-ops.cpp">
      <Filter>Source Files</Filter>
    </ClCompile>
    <ClCompile Include="G:\github\autotalk_c\whisper.cpp\ggml\src\ggml-cpu\vec.cpp">
      <Filter>Source Files</Filter>
    </ClCompile>
    <ClCompile Include="G:\github\autotalk_c\whisper.cpp\ggml\src\ggml-cpu\ops.cpp">
      <Filter>Source Files</Filter>
    </ClCompile>
  </ItemGroup>
  <ItemGroup>
    <ClInclude Include="G:\github\autotalk_c\whisper.cpp\ggml\src\ggml-cpu\ggml-cpu-aarch64.h">
      <Filter>Header Files</Filter>
    </ClInclude>
    <ClInclude Include="G:\github\autotalk_c\whisper.cpp\ggml\src\ggml-cpu\ggml-cpu-hbm.h">
      <Filter>Header Files</Filter>
    </ClInclude>
    <ClInclude Include="G:\github\autotalk_c\whisper.cpp\ggml\src\ggml-cpu\ggml-cpu-quants.h">
      <Filter>Header Files</Filter>
    </ClInclude>
    <ClInclude Include="G:\github\autotalk_c\whisper.cpp\ggml\src\ggml-cpu\ggml-cpu-traits.h">
      <Filter>Header Files</Filter>
    </ClInclude>
    <ClInclude Include="G:\github\autotalk_c\whisper.cpp\ggml\src\ggml-cpu\amx\amx.h">
      <Filter>Header Files</Filter>
    </ClInclude>
    <ClInclude Include="G:\github\autotalk_c\whisper.cpp\ggml\src\ggml-cpu\amx\mmq.h">
      <Filter>Header Files</Filter>
    </ClInclude>
    <ClInclude Include="G:\github\autotalk_c\whisper.cpp\ggml\src\ggml-cpu\ggml-cpu-impl.h">
      <Filter>Header Files</Filter>
    </ClInclude>
    <ClInclude Include="G:\github\autotalk_c\whisper.cpp\ggml\src\ggml-cpu\common.h">
      <Filter>Header Files</Filter>
    </ClInclude>
    <ClInclude Include="G:\github\autotalk_c\whisper.cpp\ggml\src\ggml-cpu\binary-ops.h">
      <Filter>Header Files</Filter>
    </ClInclude>
    <ClInclude Include="G:\github\autotalk_c\whisper.cpp\ggml\src\ggml-cpu\unary-ops.h">
      <Filter>Header Files</Filter>
    </ClInclude>
    <ClInclude Include="G:\github\autotalk_c\whisper.cpp\ggml\src\ggml-cpu\simd-mappings.h">
      <Filter>Header Files</Filter>
    </ClInclude>
    <ClInclude Include="G:\github\autotalk_c\whisper.cpp\ggml\src\ggml-cpu\vec.h">
      <Filter>Header Files</Filter>
    </ClInclude>
    <ClInclude Include="G:\github\autotalk_c\whisper.cpp\ggml\src\ggml-cpu\ops.h">
      <Filter>Header Files</Filter>
    </ClInclude>
  </ItemGroup>
  <ItemGroup>
    <CustomBuild Include="G:\github\autotalk_c\whisper.cpp\ggml\src\CMakeLists.txt" />
  </ItemGroup>
  <ItemGroup>
    <Filter Include="Header Files">
      <UniqueIdentifier>{24FE6A37-F7FD-361C-8383-3A5F3622733F}</UniqueIdentifier>
    </Filter>
    <Filter Include="Source Files">
      <UniqueIdentifier>{A7191B66-D5C5-3721-B329-6268B501138A}</UniqueIdentifier>
    </Filter>
  </ItemGroup>
</Project>
