<?xml version="1.0" encoding="utf-8"?>
<Project ToolsVersion="17.0" xmlns="http://schemas.microsoft.com/developer/msbuild/2003">
  <ItemGroup>
    <ClCompile Include="G:\github\autotalk_c\whisper.cpp\ggml\src\ggml-backend-reg.cpp">
      <Filter>Source Files</Filter>
    </ClCompile>
  </ItemGroup>
  <ItemGroup>
    <CustomBuild Include="G:\github\autotalk_c\whisper.cpp\ggml\src\CMakeLists.txt" />
  </ItemGroup>
  <ItemGroup>
    <Filter Include="Source Files">
      <UniqueIdentifier>{A7191B66-D5C5-3721-B329-6268B501138A}</UniqueIdentifier>
    </Filter>
  </ItemGroup>
</Project>
