
Microsoft Visual Studio Solution File, Format Version 12.00
# Visual Studio Version 17
Project("{8BC9CEB8-8B4A-11D0-8D11-00A0C91BC942}") = "ALL_BUILD", "ALL_BUILD.vcxproj", "{584129B8-7DCF-314E-86E5-C72FD3BE34FA}"
	ProjectSection(ProjectDependencies) = postProject
		{69178F26-0511-38A1-A3B5-EE40C4EC1E70} = {69178F26-0511-38A1-A3B5-EE40C4EC1E70}
		{D4C88714-AB4A-31E5-A853-984EDD74CF78} = {D4C88714-AB4A-31E5-A853-984EDD74CF78}
		{F8F1733F-44D1-3E07-8AE2-CE65DA24E291} = {F8F1733F-44D1-3E07-8AE2-CE65DA24E291}
	EndProjectSection
EndProject
Project("{8BC9CEB8-8B4A-11D0-8D11-00A0C91BC942}") = "INSTALL", "INSTALL.vcxproj", "{6F5F099E-C697-3212-9429-9911012CB55A}"
	ProjectSection(ProjectDependencies) = postProject
		{584129B8-7DCF-314E-86E5-C72FD3BE34FA} = {584129B8-7DCF-314E-86E5-C72FD3BE34FA}
		{69178F26-0511-38A1-A3B5-EE40C4EC1E70} = {69178F26-0511-38A1-A3B5-EE40C4EC1E70}
	EndProjectSection
EndProject
Project("{8BC9CEB8-8B4A-11D0-8D11-00A0C91BC942}") = "ZERO_CHECK", "ZERO_CHECK.vcxproj", "{69178F26-0511-38A1-A3B5-EE40C4EC1E70}"
	ProjectSection(ProjectDependencies) = postProject
	EndProjectSection
EndProject
Project("{8BC9CEB8-8B4A-11D0-8D11-00A0C91BC942}") = "autotalk", "autotalk.vcxproj", "{D4C88714-AB4A-31E5-A853-984EDD74CF78}"
	ProjectSection(ProjectDependencies) = postProject
		{69178F26-0511-38A1-A3B5-EE40C4EC1E70} = {69178F26-0511-38A1-A3B5-EE40C4EC1E70}
		{5538964A-242D-3952-94BB-C1655AA51EE7} = {5538964A-242D-3952-94BB-C1655AA51EE7}
		{61EFE453-E5D1-34D3-8814-D5A14CD065E2} = {61EFE453-E5D1-34D3-8814-D5A14CD065E2}
		{AA7B52AE-5B02-37F1-A4AC-03E9784F592D} = {AA7B52AE-5B02-37F1-A4AC-03E9784F592D}
		{F6FA608B-49AD-3E71-AD84-2B272019C664} = {F6FA608B-49AD-3E71-AD84-2B272019C664}
	EndProjectSection
EndProject
Project("{8BC9CEB8-8B4A-11D0-8D11-00A0C91BC942}") = "ggml", "whisper.cpp\ggml\src\ggml.vcxproj", "{5538964A-242D-3952-94BB-C1655AA51EE7}"
	ProjectSection(ProjectDependencies) = postProject
		{69178F26-0511-38A1-A3B5-EE40C4EC1E70} = {69178F26-0511-38A1-A3B5-EE40C4EC1E70}
		{61EFE453-E5D1-34D3-8814-D5A14CD065E2} = {61EFE453-E5D1-34D3-8814-D5A14CD065E2}
		{AA7B52AE-5B02-37F1-A4AC-03E9784F592D} = {AA7B52AE-5B02-37F1-A4AC-03E9784F592D}
	EndProjectSection
EndProject
Project("{8BC9CEB8-8B4A-11D0-8D11-00A0C91BC942}") = "ggml-base", "whisper.cpp\ggml\src\ggml-base.vcxproj", "{61EFE453-E5D1-34D3-8814-D5A14CD065E2}"
	ProjectSection(ProjectDependencies) = postProject
		{69178F26-0511-38A1-A3B5-EE40C4EC1E70} = {69178F26-0511-38A1-A3B5-EE40C4EC1E70}
	EndProjectSection
EndProject
Project("{8BC9CEB8-8B4A-11D0-8D11-00A0C91BC942}") = "ggml-cpu", "whisper.cpp\ggml\src\ggml-cpu.vcxproj", "{AA7B52AE-5B02-37F1-A4AC-03E9784F592D}"
	ProjectSection(ProjectDependencies) = postProject
		{69178F26-0511-38A1-A3B5-EE40C4EC1E70} = {69178F26-0511-38A1-A3B5-EE40C4EC1E70}
		{61EFE453-E5D1-34D3-8814-D5A14CD065E2} = {61EFE453-E5D1-34D3-8814-D5A14CD065E2}
	EndProjectSection
EndProject
Project("{8BC9CEB8-8B4A-11D0-8D11-00A0C91BC942}") = "model_test", "model_test.vcxproj", "{F8F1733F-44D1-3E07-8AE2-CE65DA24E291}"
	ProjectSection(ProjectDependencies) = postProject
		{69178F26-0511-38A1-A3B5-EE40C4EC1E70} = {69178F26-0511-38A1-A3B5-EE40C4EC1E70}
		{5538964A-242D-3952-94BB-C1655AA51EE7} = {5538964A-242D-3952-94BB-C1655AA51EE7}
		{61EFE453-E5D1-34D3-8814-D5A14CD065E2} = {61EFE453-E5D1-34D3-8814-D5A14CD065E2}
		{AA7B52AE-5B02-37F1-A4AC-03E9784F592D} = {AA7B52AE-5B02-37F1-A4AC-03E9784F592D}
		{F6FA608B-49AD-3E71-AD84-2B272019C664} = {F6FA608B-49AD-3E71-AD84-2B272019C664}
	EndProjectSection
EndProject
Project("{8BC9CEB8-8B4A-11D0-8D11-00A0C91BC942}") = "whisper", "whisper.cpp\src\whisper.vcxproj", "{F6FA608B-49AD-3E71-AD84-2B272019C664}"
	ProjectSection(ProjectDependencies) = postProject
		{69178F26-0511-38A1-A3B5-EE40C4EC1E70} = {69178F26-0511-38A1-A3B5-EE40C4EC1E70}
		{5538964A-242D-3952-94BB-C1655AA51EE7} = {5538964A-242D-3952-94BB-C1655AA51EE7}
		{61EFE453-E5D1-34D3-8814-D5A14CD065E2} = {61EFE453-E5D1-34D3-8814-D5A14CD065E2}
		{AA7B52AE-5B02-37F1-A4AC-03E9784F592D} = {AA7B52AE-5B02-37F1-A4AC-03E9784F592D}
	EndProjectSection
EndProject
Global
	GlobalSection(SolutionConfigurationPlatforms) = preSolution
		Debug|x64 = Debug|x64
		Release|x64 = Release|x64
		MinSizeRel|x64 = MinSizeRel|x64
		RelWithDebInfo|x64 = RelWithDebInfo|x64
	EndGlobalSection
	GlobalSection(ProjectConfigurationPlatforms) = postSolution
		{584129B8-7DCF-314E-86E5-C72FD3BE34FA}.Debug|x64.ActiveCfg = Debug|x64
		{584129B8-7DCF-314E-86E5-C72FD3BE34FA}.Debug|x64.Build.0 = Debug|x64
		{584129B8-7DCF-314E-86E5-C72FD3BE34FA}.Release|x64.ActiveCfg = Release|x64
		{584129B8-7DCF-314E-86E5-C72FD3BE34FA}.Release|x64.Build.0 = Release|x64
		{584129B8-7DCF-314E-86E5-C72FD3BE34FA}.MinSizeRel|x64.ActiveCfg = MinSizeRel|x64
		{584129B8-7DCF-314E-86E5-C72FD3BE34FA}.MinSizeRel|x64.Build.0 = MinSizeRel|x64
		{584129B8-7DCF-314E-86E5-C72FD3BE34FA}.RelWithDebInfo|x64.ActiveCfg = RelWithDebInfo|x64
		{584129B8-7DCF-314E-86E5-C72FD3BE34FA}.RelWithDebInfo|x64.Build.0 = RelWithDebInfo|x64
		{6F5F099E-C697-3212-9429-9911012CB55A}.Debug|x64.ActiveCfg = Debug|x64
		{6F5F099E-C697-3212-9429-9911012CB55A}.Release|x64.ActiveCfg = Release|x64
		{6F5F099E-C697-3212-9429-9911012CB55A}.MinSizeRel|x64.ActiveCfg = MinSizeRel|x64
		{6F5F099E-C697-3212-9429-9911012CB55A}.RelWithDebInfo|x64.ActiveCfg = RelWithDebInfo|x64
		{69178F26-0511-38A1-A3B5-EE40C4EC1E70}.Debug|x64.ActiveCfg = Debug|x64
		{69178F26-0511-38A1-A3B5-EE40C4EC1E70}.Debug|x64.Build.0 = Debug|x64
		{69178F26-0511-38A1-A3B5-EE40C4EC1E70}.Release|x64.ActiveCfg = Release|x64
		{69178F26-0511-38A1-A3B5-EE40C4EC1E70}.Release|x64.Build.0 = Release|x64
		{69178F26-0511-38A1-A3B5-EE40C4EC1E70}.MinSizeRel|x64.ActiveCfg = MinSizeRel|x64
		{69178F26-0511-38A1-A3B5-EE40C4EC1E70}.MinSizeRel|x64.Build.0 = MinSizeRel|x64
		{69178F26-0511-38A1-A3B5-EE40C4EC1E70}.RelWithDebInfo|x64.ActiveCfg = RelWithDebInfo|x64
		{69178F26-0511-38A1-A3B5-EE40C4EC1E70}.RelWithDebInfo|x64.Build.0 = RelWithDebInfo|x64
		{D4C88714-AB4A-31E5-A853-984EDD74CF78}.Debug|x64.ActiveCfg = Debug|x64
		{D4C88714-AB4A-31E5-A853-984EDD74CF78}.Debug|x64.Build.0 = Debug|x64
		{D4C88714-AB4A-31E5-A853-984EDD74CF78}.Release|x64.ActiveCfg = Release|x64
		{D4C88714-AB4A-31E5-A853-984EDD74CF78}.Release|x64.Build.0 = Release|x64
		{D4C88714-AB4A-31E5-A853-984EDD74CF78}.MinSizeRel|x64.ActiveCfg = MinSizeRel|x64
		{D4C88714-AB4A-31E5-A853-984EDD74CF78}.MinSizeRel|x64.Build.0 = MinSizeRel|x64
		{D4C88714-AB4A-31E5-A853-984EDD74CF78}.RelWithDebInfo|x64.ActiveCfg = RelWithDebInfo|x64
		{D4C88714-AB4A-31E5-A853-984EDD74CF78}.RelWithDebInfo|x64.Build.0 = RelWithDebInfo|x64
		{5538964A-242D-3952-94BB-C1655AA51EE7}.Debug|x64.ActiveCfg = Debug|x64
		{5538964A-242D-3952-94BB-C1655AA51EE7}.Debug|x64.Build.0 = Debug|x64
		{5538964A-242D-3952-94BB-C1655AA51EE7}.Release|x64.ActiveCfg = Release|x64
		{5538964A-242D-3952-94BB-C1655AA51EE7}.Release|x64.Build.0 = Release|x64
		{5538964A-242D-3952-94BB-C1655AA51EE7}.MinSizeRel|x64.ActiveCfg = MinSizeRel|x64
		{5538964A-242D-3952-94BB-C1655AA51EE7}.MinSizeRel|x64.Build.0 = MinSizeRel|x64
		{5538964A-242D-3952-94BB-C1655AA51EE7}.RelWithDebInfo|x64.ActiveCfg = RelWithDebInfo|x64
		{5538964A-242D-3952-94BB-C1655AA51EE7}.RelWithDebInfo|x64.Build.0 = RelWithDebInfo|x64
		{61EFE453-E5D1-34D3-8814-D5A14CD065E2}.Debug|x64.ActiveCfg = Debug|x64
		{61EFE453-E5D1-34D3-8814-D5A14CD065E2}.Debug|x64.Build.0 = Debug|x64
		{61EFE453-E5D1-34D3-8814-D5A14CD065E2}.Release|x64.ActiveCfg = Release|x64
		{61EFE453-E5D1-34D3-8814-D5A14CD065E2}.Release|x64.Build.0 = Release|x64
		{61EFE453-E5D1-34D3-8814-D5A14CD065E2}.MinSizeRel|x64.ActiveCfg = MinSizeRel|x64
		{61EFE453-E5D1-34D3-8814-D5A14CD065E2}.MinSizeRel|x64.Build.0 = MinSizeRel|x64
		{61EFE453-E5D1-34D3-8814-D5A14CD065E2}.RelWithDebInfo|x64.ActiveCfg = RelWithDebInfo|x64
		{61EFE453-E5D1-34D3-8814-D5A14CD065E2}.RelWithDebInfo|x64.Build.0 = RelWithDebInfo|x64
		{AA7B52AE-5B02-37F1-A4AC-03E9784F592D}.Debug|x64.ActiveCfg = Debug|x64
		{AA7B52AE-5B02-37F1-A4AC-03E9784F592D}.Debug|x64.Build.0 = Debug|x64
		{AA7B52AE-5B02-37F1-A4AC-03E9784F592D}.Release|x64.ActiveCfg = Release|x64
		{AA7B52AE-5B02-37F1-A4AC-03E9784F592D}.Release|x64.Build.0 = Release|x64
		{AA7B52AE-5B02-37F1-A4AC-03E9784F592D}.MinSizeRel|x64.ActiveCfg = MinSizeRel|x64
		{AA7B52AE-5B02-37F1-A4AC-03E9784F592D}.MinSizeRel|x64.Build.0 = MinSizeRel|x64
		{AA7B52AE-5B02-37F1-A4AC-03E9784F592D}.RelWithDebInfo|x64.ActiveCfg = RelWithDebInfo|x64
		{AA7B52AE-5B02-37F1-A4AC-03E9784F592D}.RelWithDebInfo|x64.Build.0 = RelWithDebInfo|x64
		{F8F1733F-44D1-3E07-8AE2-CE65DA24E291}.Debug|x64.ActiveCfg = Debug|x64
		{F8F1733F-44D1-3E07-8AE2-CE65DA24E291}.Debug|x64.Build.0 = Debug|x64
		{F8F1733F-44D1-3E07-8AE2-CE65DA24E291}.Release|x64.ActiveCfg = Release|x64
		{F8F1733F-44D1-3E07-8AE2-CE65DA24E291}.Release|x64.Build.0 = Release|x64
		{F8F1733F-44D1-3E07-8AE2-CE65DA24E291}.MinSizeRel|x64.ActiveCfg = MinSizeRel|x64
		{F8F1733F-44D1-3E07-8AE2-CE65DA24E291}.MinSizeRel|x64.Build.0 = MinSizeRel|x64
		{F8F1733F-44D1-3E07-8AE2-CE65DA24E291}.RelWithDebInfo|x64.ActiveCfg = RelWithDebInfo|x64
		{F8F1733F-44D1-3E07-8AE2-CE65DA24E291}.RelWithDebInfo|x64.Build.0 = RelWithDebInfo|x64
		{F6FA608B-49AD-3E71-AD84-2B272019C664}.Debug|x64.ActiveCfg = Debug|x64
		{F6FA608B-49AD-3E71-AD84-2B272019C664}.Debug|x64.Build.0 = Debug|x64
		{F6FA608B-49AD-3E71-AD84-2B272019C664}.Release|x64.ActiveCfg = Release|x64
		{F6FA608B-49AD-3E71-AD84-2B272019C664}.Release|x64.Build.0 = Release|x64
		{F6FA608B-49AD-3E71-AD84-2B272019C664}.MinSizeRel|x64.ActiveCfg = MinSizeRel|x64
		{F6FA608B-49AD-3E71-AD84-2B272019C664}.MinSizeRel|x64.Build.0 = MinSizeRel|x64
		{F6FA608B-49AD-3E71-AD84-2B272019C664}.RelWithDebInfo|x64.ActiveCfg = RelWithDebInfo|x64
		{F6FA608B-49AD-3E71-AD84-2B272019C664}.RelWithDebInfo|x64.Build.0 = RelWithDebInfo|x64
	EndGlobalSection
	GlobalSection(ExtensibilityGlobals) = postSolution
		SolutionGuid = {6C475372-252F-3BD8-A73F-826BD96341A5}
	EndGlobalSection
	GlobalSection(ExtensibilityAddIns) = postSolution
	EndGlobalSection
EndGlobal
