<?xml version="1.0" encoding="utf-8"?>
<Project ToolsVersion="17.0" xmlns="http://schemas.microsoft.com/developer/msbuild/2003">
  <ItemGroup>
    <ClCompile Include="G:\github\autotalk_c\whisper.cpp\src\whisper.cpp">
      <Filter>Source Files</Filter>
    </ClCompile>
  </ItemGroup>
  <ItemGroup>
    <ClInclude Include="G:\github\autotalk_c\whisper.cpp\include\whisper.h">
      <Filter>Header Files</Filter>
    </ClInclude>
    <ClInclude Include="G:\github\autotalk_c\whisper.cpp\src\whisper-arch.h">
      <Filter>Header Files</Filter>
    </ClInclude>
  </ItemGroup>
  <ItemGroup>
    <CustomBuild Include="G:\github\autotalk_c\whisper.cpp\src\CMakeLists.txt" />
  </ItemGroup>
  <ItemGroup>
    <Filter Include="Header Files">
      <UniqueIdentifier>{24FE6A37-F7FD-361C-8383-3A5F3622733F}</UniqueIdentifier>
    </Filter>
    <Filter Include="Source Files">
      <UniqueIdentifier>{A7191B66-D5C5-3721-B329-6268B501138A}</UniqueIdentifier>
    </Filter>
  </ItemGroup>
</Project>
